
Microsoft Visual Studio Solution File, Format Version 12.00
# Visual Studio Version 16
VisualStudioVersion = 16.0.31515.178
MinimumVisualStudioVersion = 10.0.40219.1
Project("{FAE04EC0-301F-11D3-BF4B-00C04F79EFBC}") = "works", "works\works.csproj", "{A90DC75F-A196-482F-9F16-6601A6826B33}"
EndProject
Global
	GlobalSection(SolutionConfigurationPlatforms) = preSolution
		Debug|Any CPU = Debug|Any CPU
		Release|Any CPU = Release|Any CPU
	EndGlobalSection
	GlobalSection(ProjectConfigurationPlatforms) = postSolution
		{A90DC75F-A196-482F-9F16-6601A6826B33}.Debug|Any CPU.ActiveCfg = Debug|Any CPU
		{A90DC75F-A196-482F-9F16-6601A6826B33}.Debug|Any CPU.Build.0 = Debug|Any CPU
		{A90DC75F-A196-482F-9F16-6601A6826B33}.Release|Any CPU.ActiveCfg = Release|Any CPU
		{A90DC75F-A196-482F-9F16-6601A6826B33}.Release|Any CPU.Build.0 = Release|Any CPU
	EndGlobalSection
	GlobalSection(SolutionProperties) = preSolution
		HideSolutionNode = FALSE
	EndGlobalSection
	GlobalSection(ExtensibilityGlobals) = postSolution
		SolutionGuid = {7FEF027D-766C-425C-889D-85324E352684}
	EndGlobalSection
EndGlobal
